version = 1
revision = 3
requires-python = "==3.11.*"

[[package]]
name = "anyio"
version = "4.14.2"
source = { registry = "https://pypi.org/simple" }
dependencies = [
    { name = "idna" },
    { name = "typing-extensions" },
]
sdist = { url = "https://files.pythonhosted.org/packages/61/cc/a381afa6efea9f496eff839d4a6a1aed3bfafc7b3ab4b0d1b243a12573dd/anyio-4.14.2.tar.gz", hash = "sha256:cfa139f3ed1a23ee8f88a145ddb5ac7605b8bbfd8592baacd7ce3d8bb4313c7f", size = 260176, upload-time = "2026-07-12T20:29:07.082Z" }
wheels = [
    { url = "https://files.pythonhosted.org/packages/da/35/f2287558c17e29fafc8ef3daf819bb9834061cfa43bff8014f7df7f63bdc/anyio-4.14.2-py3-none-any.whl", hash = "sha256:9f505dda5ac9f0c8309b5e8bd445a8c2bf7246f3ce950121e45ea15bc41d1494", size = 125813, upload-time = "2026-07-12T20:29:05.763Z" },
]

[[package]]
name = "attrs"
version = "26.1.0"
source = { registry = "https://pypi.org/simple" }
sdist = { url = "https://files.pythonhosted.org/packages/9a/8e/82a0fe20a541c03148528be8cac2408564a6c9a0cc7e9171802bc1d26985/attrs-26.1.0.tar.gz", hash = "sha256:d03ceb89cb322a8fd706d4fb91940737b6642aa36998fe130a9bc96c985eff32", size = 952055, upload-time = "2026-03-19T14:22:25.026Z" }
wheels = [
    { url = "https://files.pythonhosted.org/packages/64/b4/17d4b0b2a2dc85a6df63d1157e028ed19f90d4cd97c36717afef2bc2f395/attrs-26.1.0-py3-none-any.whl", hash = "sha256:c647aa4a12dfbad9333ca4e71fe62ddc36f4e63b2d260a37a8b83d2f043ac309", size = 67548, upload-time = "2026-03-19T14:22:23.645Z" },
]

[[package]]
name = "certifi"
version = "2026.7.22"
source = { registry = "https://pypi.org/simple" }
sdist = { url = "https://files.pythonhosted.org/packages/a3/c2/24167ea9858356b47a87a50d39908bfdb72ceeefe0041586e704e5376b3a/certifi-2026.7.22.tar.gz", hash = "sha256:741e2c3b351ddf169a738da9f2c048608ff7f2c5cc02f1ebc6b118bb090d5d55", size = 138112, upload-time = "2026-07-22T03:35:12.644Z" }
wheels = [
    { url = "https://files.pythonhosted.org/packages/0b/a7/71ac2cff56fec219ed242bb11b8efb69fcc4bec75db06fb7bfe35de520e6/certifi-2026.7.22-py3-none-any.whl", hash = "sha256:62f22742b58a1a33014a2b6b706588a8d7e2a88ae7bd1a6ebe8c992928483775", size = 136983, upload-time = "2026-07-22T03:35:11.276Z" },
]

[[package]]
name = "googleapis-common-protos"
version = "1.75.1"
source = { registry = "https://pypi.org/simple" }
dependencies = [
    { name = "protobuf" },
]
sdist = { url = "https://files.pythonhosted.org/packages/72/73/74bcab964c9a7a61f2bb71e8179b0f13e6fa98f7ce00fd168aab291e4a2e/googleapis_common_protos-1.75.1.tar.gz", hash = "sha256:d3042c6c5a2d4e67113104d6b6818b59b6bd92a197f2a91508e801fe815cf071", size = 150967, upload-time = "2026-08-06T06:24:51.972Z" }
wheels = [
    { url = "https://files.pythonhosted.org/packages/9a/51/186c02b8549b69ccda44429cf6ff5081e4b61a602ddfe6a8020d1be31d1b/googleapis_common_protos-1.75.1-py3-none-any.whl", hash = "sha256:28a1934bcd33b9c9da66ac301a0a4227e3367f095a17d0375cb98f0a09d93b79", size = 300626, upload-time = "2026-08-06T06:23:46.696Z" },
]

[[package]]
name = "grpcio"
version = "1.83.0"
source = { registry = "https://pypi.org/simple" }
dependencies = [
    { name = "typing-extensions" },
]
sdist = { url = "https://files.pythonhosted.org/packages/0c/98/304898ac4e04e2d5e4e4c2eadc178b1f2a16d5f4bc2f91306c87d64680b9/grpcio-1.83.0.tar.gz", hash = "sha256:7674587248fbbb2ac6e4eecf83a8a0f3d91a928f941de571acfd3a2f007fbc24", size = 13428824, upload-time = "2026-07-23T15:20:37.759Z" }
wheels = [
    { url = "https://files.pythonhosted.org/packages/d3/f6/3b781cd07a715ea5f5125ae264226e7fc4d87603d6d3955022cabfdc5da2/grpcio-1.83.0-cp311-cp311-linux_armv7l.whl", hash = "sha256:8ff0b8767ddd62704e0d9571c1890af08d84a3a689ebba1807e62519d0b3277f", size = 6338720, upload-time = "2026-07-23T15:19:13.177Z" },
    { url = "https://files.pythonhosted.org/packages/21/cc/d14833d15d5984e366f1b027fa78bd038c9b028c66880bffb0f5a4d25ee2/grpcio-1.83.0-cp311-cp311-macosx_11_0_universal2.whl", hash = "sha256:4772402f43517b4824980be4b3b2274a81eec0004a70009473c31b340d43e223", size = 12178773, upload-time = "2026-07-23T15:19:15.401Z" },
    { url = "https://files.pythonhosted.org/packages/6b/98/8acbb416544e7871132d8e42a07ed70c802d70e6a16c6009e505a34d32a4/grpcio-1.83.0-cp311-cp311-manylinux2014_aarch64.manylinux_2_17_aarch64.whl", hash = "sha256:f4cee5fc86e84a0cf7ad1574b454c3320e087c07f55b7df5dc0ac6a873fb90c0", size = 6921203, upload-time = "2026-07-23T15:19:17.824Z" },
    { url = "https://files.pythonhosted.org/packages/45/9c/0fdbfaf4fc54e5c88f6bce4008a065092fe7fbc4460eb5617ae8b20fd505/grpcio-1.83.0-cp311-cp311-manylinux2014_i686.manylinux_2_17_i686.whl", hash = "sha256:f5e822a7e7d03282f6ad225e710493c48b9057a353358344a5f7c42b2b37618d", size = 7648508, upload-time = "2026-07-23T15:19:19.685Z" },
    { url = "https://files.pythonhosted.org/packages/f3/ea/107b9dbb2ed3ad14dd774fd3dde7d29ff9938a6c198654becb2c3a0e9a6a/grpcio-1.83.0-cp311-cp311-manylinux2014_x86_64.manylinux_2_17_x86_64.whl", hash = "sha256:f5f410d7c2903eabb34789dfd6342eef04af1ad459943936b7e09a9f5bd417b9", size = 7079466, upload-time = "2026-07-23T15:19:21.478Z" },
    { url = "https://files.pythonhosted.org/packages/3b/06/9fa9941089e6fae83b060b6ce61c1e81053e52decae43197245f45e07d36/grpcio-1.83.0-cp311-cp311-musllinux_1_2_aarch64.whl", hash = "sha256:ee94a4016fdf8699fb1fd8a38652475ff677f1c72074cee44deeeb9a7e95e745", size = 7605583, upload-time = "2026-07-23T15:19:23.74Z" },
    { url = "https://files.pythonhosted.org/packages/a8/2f/f10fb56062dc2771c630827a82d9ad0ecd05cad572ea3b08d49f6631680a/grpcio-1.83.0-cp311-cp311-musllinux_1_2_i686.whl", hash = "sha256:c6444666317338e903093c7c756e6cc88eee59f798cb8dd41e87725bf54e1617", size = 8637810, upload-time = "2026-07-23T15:19:25.536Z" },
    { url = "https://files.pythonhosted.org/packages/99/55/f84927258f6a1b6ea6dea661fdc6de859b35e560c96f3012d15ccd39f85e/grpcio-1.83.0-cp311-cp311-musllinux_1_2_x86_64.whl", hash = "sha256:aa074041231f03959cb097dd5517b0677b8ea49215bae01d5710a7b69dd59969", size = 8008021, upload-time = "2026-07-23T15:19:27.863Z" },
    { url = "https://files.pythonhosted.org/packages/c9/6b/cdf72161397ccd29d4ca2192f641524536c9cf54ad948c9dd0e0e01138fa/grpcio-1.83.0-cp311-cp311-win32.whl", hash = "sha256:cb056f6e171c42639a50460b2929c82241fda51f71cf3dcdd68090fe45095a45", size = 4404376, upload-time = "2026-07-23T15:19:30.137Z" },
    { url = "https://files.pythonhosted.org/packages/df/ed/e0ffeb4c848699c194dc9fb6a29ab29bcb2b6aac8c416bf18c51bfe8242c/grpcio-1.83.0-cp311-cp311-win_amd64.whl", hash = "sha256:7416952ca770477990257206276999056f8316d79196f2f25942393e58a20b49", size = 5164469, upload-time = "2026-07-23T15:19:31.941Z" },
]

[[package]]
name = "grpcio-tools"
version = "1.83.0"
source = { registry = "https://pypi.org/simple" }
dependencies = [
    { name = "grpcio" },
    { name = "protobuf" },
    { name = "setuptools" },
]
sdist = { url = "https://files.pythonhosted.org/packages/c1/b1/50b17b3a2ba8970dbb00b2035a4df218bc6ec88d2d77fc7da4e42e1c7b19/grpcio_tools-1.83.0.tar.gz", hash = "sha256:515907265d14fa9975d0c7723f95a9da01463d7ac607546a03f8741f86a1bb07", size = 6400437, upload-time = "2026-07-23T15:22:18.313Z" }
wheels = [
    { url = "https://files.pythonhosted.org/packages/b9/f0/d55c59b3af39d2ca975a2bafc5be1a60e0460a1b507bdbcf7bb8a17567db/grpcio_tools-1.83.0-cp311-cp311-linux_armv7l.whl", hash = "sha256:72471a4a46909f1d798836c0a0aa2f568e10f6404585d7b22ac7330dd6a7bc74", size = 2652835, upload-time = "2026-07-23T15:21:06.072Z" },
    { url = "https://files.pythonhosted.org/packages/82/97/59bdf27c5f99848087b3b268c90b3fcc557d400c8d0224cf49c7ac573e60/grpcio_tools-1.83.0-cp311-cp311-macosx_11_0_universal2.whl", hash = "sha256:7da547dd1e0b1fe3d6d5677e9c1848969ecdbd51a92c342cf82d885c5935de7d", size = 5967887, upload-time = "2026-07-23T15:21:08.19Z" },
    { url = "https://files.pythonhosted.org/packages/f6/c4/117d6688c4cb40240ce48da1ffac005e8da8bf63785634bdbb9143ca367e/grpcio_tools-1.83.0-cp311-cp311-manylinux2014_aarch64.manylinux_2_17_aarch64.whl", hash = "sha256:33350bd94c4913f8eaf6ca79ce69cc673bb46ca5f800e6474b1d6899ed321dad", size = 2704869, upload-time = "2026-07-23T15:21:09.857Z" },
    { url = "https://files.pythonhosted.org/packages/1a/51/e4d1a89f69072bb93b975548c40fe9524219ab5777cce113c1e2183b1f2d/grpcio_tools-1.83.0-cp311-cp311-manylinux2014_i686.manylinux_2_17_i686.whl", hash = "sha256:0f27da6dc58c910f31dcee4fcbfd05659c10c14b9e132f4f17da48d867e75eb4", size = 3032318, upload-time = "2026-07-23T15:21:11.55Z" },
    { url = "https://files.pythonhosted.org/packages/ae/26/f9a082b79ae7f7dac7050047614000721dcf3d1c6d14bffa881b1f7a9774/grpcio_tools-1.83.0-cp311-cp311-manylinux2014_x86_64.manylinux_2_17_x86_64.whl", hash = "sha256:b3a5000e8540efb80f74d9c760f36ed9408294d76edb0fa4b87fd287b0a8a258", size = 2774113, upload-time = "2026-07-23T15:21:13.037Z" },
    { url = "https://files.pythonhosted.org/packages/de/59/b715d431218f0e8382490db7b1d01b3d32392c359c1886eee7e2551edaa8/grpcio_tools-1.83.0-cp311-cp311-musllinux_1_2_aarch64.whl", hash = "sha256:f710032264ed114c9d3b52f4c5cf71d68ccf70f25c4cb5776fe60388374bc01b", size = 3226715, upload-time = "2026-07-23T15:21:14.88Z" },
    { url = "https://files.pythonhosted.org/packages/5f/99/c4e91a2116062f7b42ab99459eeda15ec59a07daad01f4f38753fb1584ac/grpcio_tools-1.83.0-cp311-cp311-musllinux_1_2_i686.whl", hash = "sha256:ad00de87334154901e9af50a7f3f95261a0133502c6c0cea1f4e6107245154c3", size = 3799000, upload-time = "2026-07-23T15:21:16.352Z" },
    { url = "https://files.pythonhosted.org/packages/b8/f7/0bb5e45a1f51822c0bcf5a355a06132c43b9dbe5c283edc8d0b63bec7626/grpcio_tools-1.83.0-cp311-cp311-musllinux_1_2_x86_64.whl", hash = "sha256:de2b0c645363f7c4b005f145e06e790870dfb21bb7e162dec6fee2f054de9291", size = 3457774, upload-time = "2026-07-23T15:21:17.953Z" },
    { url = "https://files.pythonhosted.org/packages/e7/51/52aec42a3059bad4263a7a82c715a0fc08220f7533be41f0b9177b05468a/grpcio_tools-1.83.0-cp311-cp311-win32.whl", hash = "sha256:6d1a1c9e62689d04b63b227558b759a55dce8fb81a3934d3b5f95d1ee26a2b45", size = 1022798, upload-time = "2026-07-23T15:21:19.854Z" },
    { url = "https://files.pythonhosted.org/packages/46/22/034d6daa5b2fae4e4c1718111c1b791589c3743d7d8fb07984e0b59c7f2c/grpcio_tools-1.83.0-cp311-cp311-win_amd64.whl", hash = "sha256:a6ac3cc2c2d77f869a96dfaf2b1315852878babddfe2dc49b9fd47afbf502865", size = 1192474, upload-time = "2026-07-23T15:21:21.467Z" },
]

[[package]]
name = "h11"
version = "0.16.0"
source = { registry = "https://pypi.org/simple" }
sdist = { url = "https://files.pythonhosted.org/packages/01/ee/02a2c011bdab74c6fb3c75474d40b3052059d95df7e73351460c8588d963/h11-0.16.0.tar.gz", hash = "sha256:4e35b956cf45792e4caa5885e69fba00bdbc6ffafbfa020300e549b208ee5ff1", size = 101250, upload-time = "2025-04-24T03:35:25.427Z" }
wheels = [
    { url = "https://files.pythonhosted.org/packages/04/4b/29cac41a4d98d144bf5f6d33995617b185d14b22401f75ca86f384e87ff1/h11-0.16.0-py3-none-any.whl", hash = "sha256:63cf8bbe7522de3bf65932fda1d9c2772064ffb3dae62d55932da54b31cb6c86", size = 37515, upload-time = "2025-04-24T03:35:24.344Z" },
]

[[package]]
name = "httpcore"
version = "1.0.9"
source = { registry = "https://pypi.org/simple" }
dependencies = [
    { name = "certifi" },
    { name = "h11" },
]
sdist = { url = "https://files.pythonhosted.org/packages/06/94/82699a10bca87a5556c9c59b5963f2d039dbd239f25bc2a63907a05a14cb/httpcore-1.0.9.tar.gz", hash = "sha256:6e34463af53fd2ab5d807f399a9b45ea31c3dfa2276f15a2c3f00afff6e176e8", size = 85484, upload-time = "2025-04-24T22:06:22.219Z" }
wheels = [
    { url = "https://files.pythonhosted.org/packages/7e/f5/f66802a942d491edb555dd61e3a9961140fd64c90bce1eafd741609d334d/httpcore-1.0.9-py3-none-any.whl", hash = "sha256:2d400746a40668fc9dec9810239072b40b4484b640a8c38fd654a024c7a1bf55", size = 78784, upload-time = "2025-04-24T22:06:20.566Z" },
]

[[package]]
name = "httpx"
version = "0.28.1"
source = { registry = "https://pypi.org/simple" }
dependencies = [
    { name = "anyio" },
    { name = "certifi" },
    { name = "httpcore" },
    { name = "idna" },
]
sdist = { url = "https://files.pythonhosted.org/packages/b1/df/48c586a5fe32a0f01324ee087459e112ebb7224f646c0b5023f5e79e9956/httpx-0.28.1.tar.gz", hash = "sha256:75e98c5f16b0f35b567856f597f06ff2270a374470a5c2392242528e3e3e42fc", size = 141406, upload-time = "2024-12-06T15:37:23.222Z" }
wheels = [
    { url = "https://files.pythonhosted.org/packages/2a/39/e50c7c3a983047577ee07d2a9e53faf5a69493943ec3f6a384bdc792deb2/httpx-0.28.1-py3-none-any.whl", hash = "sha256:d909fcccc110f8c7faf814ca82a9a4d816bc5a6dbfea25d6591d6985b8ba59ad", size = 73517, upload-time = "2024-12-06T15:37:21.509Z" },
]

[[package]]
name = "idna"
version = "3.18"
source = { registry = "https://pypi.org/simple" }
sdist = { url = "https://files.pythonhosted.org/packages/cd/63/9496c57188a2ee585e0f1db071d75089a11e98aa86eb99d9d7618fc1edce/idna-3.18.tar.gz", hash = "sha256:ffb385a7e039654cef1ab9ef32c6fafe283c0c0467bba1d9029738ce4a14a848", size = 196711, upload-time = "2026-06-02T14:34:07.794Z" }
wheels = [
    { url = "https://files.pythonhosted.org/packages/1e/5e/d4e9f1a599fb8e573b7b87160658329fbf28d19eac2718f51fc3def3aa5a/idna-3.18-py3-none-any.whl", hash = "sha256:7f952cbe720b688055e3f87de14f5c3e5fdaa8bc3928985c4077ca689de849a2", size = 65455, upload-time = "2026-06-02T14:34:06.319Z" },
]

[[package]]
name = "jsonschema"
version = "4.26.0"
source = { registry = "https://pypi.org/simple" }
dependencies = [
    { name = "attrs" },
    { name = "jsonschema-specifications" },
    { name = "referencing" },
    { name = "rpds-py" },
]
sdist = { url = "https://files.pythonhosted.org/packages/b3/fc/e067678238fa451312d4c62bf6e6cf5ec56375422aee02f9cb5f909b3047/jsonschema-4.26.0.tar.gz", hash = "sha256:0c26707e2efad8aa1bfc5b7ce170f3fccc2e4918ff85989ba9ffa9facb2be326", size = 366583, upload-time = "2026-01-07T13:41:07.246Z" }
wheels = [
    { url = "https://files.pythonhosted.org/packages/69/90/f63fb5873511e014207a475e2bb4e8b2e570d655b00ac19a9a0ca0a385ee/jsonschema-4.26.0-py3-none-any.whl", hash = "sha256:d489f15263b8d200f8387e64b4c3a75f06629559fb73deb8fdfb525f2dab50ce", size = 90630, upload-time = "2026-01-07T13:41:05.306Z" },
]

[[package]]
name = "jsonschema-specifications"
version = "2025.9.1"
source = { registry = "https://pypi.org/simple" }
dependencies = [
    { name = "referencing" },
]
sdist = { url = "https://files.pythonhosted.org/packages/19/74/a633ee74eb36c44aa6d1095e7cc5569bebf04342ee146178e2d36600708b/jsonschema_specifications-2025.9.1.tar.gz", hash = "sha256:b540987f239e745613c7a9176f3edb72b832a4ac465cf02712288397832b5e8d", size = 32855, upload-time = "2025-09-08T01:34:59.186Z" }
wheels = [
    { url = "https://files.pythonhosted.org/packages/41/45/1a4ed80516f02155c51f51e8cedb3c1902296743db0bbc66608a0db2814f/jsonschema_specifications-2025.9.1-py3-none-any.whl", hash = "sha256:98802fee3a11ee76ecaca44429fda8a41bff98b00a0f2838151b113f210cc6fe", size = 18437, upload-time = "2025-09-08T01:34:57.871Z" },
]

[[package]]
name = "lionel"
version = "0.1.0"
source = { editable = "." }
dependencies = [
    { name = "grpcio" },
    { name = "httpx" },
    { name = "opentelemetry-api" },
    { name = "opentelemetry-exporter-otlp-proto-grpc" },
    { name = "opentelemetry-sdk" },
    { name = "protobuf" },
    { name = "psutil" },
    { name = "structlog" },
]

[package.optional-dependencies]
ci = [
    { name = "grpcio-tools" },
    { name = "jsonschema" },
    { name = "pyyaml" },
]

[package.metadata]
requires-dist = [
    { name = "grpcio", specifier = ">=1.60" },
    { name = "grpcio-tools", marker = "extra == 'ci'", specifier = ">=1.60" },
    { name = "httpx", specifier = ">=0.27" },
    { name = "jsonschema", marker = "extra == 'ci'", specifier = ">=4.21" },
    { name = "opentelemetry-api", specifier = ">=1.24" },
    { name = "opentelemetry-exporter-otlp-proto-grpc", specifier = ">=1.24" },
    { name = "opentelemetry-sdk", specifier = ">=1.24" },
    { name = "protobuf", specifier = ">=4.25" },
    { name = "psutil", specifier = ">=5.9" },
    { name = "pyyaml", marker = "extra == 'ci'", specifier = ">=6.0" },
    { name = "structlog", specifier = ">=24.1" },
]
provides-extras = ["ci"]

[[package]]
name = "opentelemetry-api"
version = "1.44.0"
source = { registry = "https://pypi.org/simple" }
dependencies = [
    { name = "typing-extensions" },
]
sdist = { url = "https://files.pythonhosted.org/packages/ee/8b/aa9e2d8b8dfa7c946f7dec5d1f8f6ba8eca062f43509a06bdb5ce93d26c0/opentelemetry_api-1.44.0.tar.gz", hash = "sha256:67647e5e9566edcf421166fdf022b3537f818635daa852b289e34604dc6fb33a", size = 72406, upload-time = "2026-07-16T15:25:32.678Z" }
wheels = [
    { url = "https://files.pythonhosted.org/packages/ca/6f/a04e900f465ff3221ccc395522503e2d10e79fa21f2723c8e177aae1e0d1/opentelemetry_api-1.44.0-py3-none-any.whl", hash = "sha256:94b98c893a91b88657eaac1e3ba89618cdb85be6918196705354f34728b2cdef", size = 60018, upload-time = "2026-07-16T15:25:11.657Z" },
]

[[package]]
name = "opentelemetry-exporter-otlp-proto-common"
version = "1.44.0"
source = { registry = "https://pypi.org/simple" }
dependencies = [
    { name = "opentelemetry-proto" },
]
sdist = { url = "https://files.pythonhosted.org/packages/61/09/4d717852c1cf3f854b76c7110a5d00883bc3c99288b9b0dbcbeb9e306eb6/opentelemetry_exporter_otlp_proto_common-1.44.0.tar.gz", hash = "sha256:dc87a5a5bc58f149a56d1547e4691588fa12994cdc3bc039a694ccb3375862ac", size = 20202, upload-time = "2026-07-16T15:25:37.658Z" }
wheels = [
    { url = "https://files.pythonhosted.org/packages/5e/71/65fd9d54c10b860f87c045ccee1264cab7011268895d3528818a29c1172a/opentelemetry_exporter_otlp_proto_common-1.44.0-py3-none-any.whl", hash = "sha256:9a9fe61bba73d802904bc989f1d6b4a7b1ee40f06c40e98d6f85af65aaebb694", size = 17045, upload-time = "2026-07-16T15:25:18.201Z" },
]

[[package]]
name = "opentelemetry-exporter-otlp-proto-grpc"
version = "1.44.0"
source = { registry = "https://pypi.org/simple" }
dependencies = [
    { name = "googleapis-common-protos" },
    { name = "grpcio" },
    { name = "opentelemetry-api" },
    { name = "opentelemetry-exporter-otlp-proto-common" },
    { name = "opentelemetry-proto" },
    { name = "opentelemetry-sdk" },
    { name = "typing-extensions" },
]
sdist = { url = "https://files.pythonhosted.org/packages/1f/47/80d9e9d468dc5de3af5096f5ccdb065fa4dd1470f74495cc53e59e397f47/opentelemetry_exporter_otlp_proto_grpc-1.44.0.tar.gz", hash = "sha256:40d1ae9e03fcc36de3cbac610cc99f35894938bff9cfd90fc4ec68bd85448463", size = 27225, upload-time = "2026-07-16T15:25:38.308Z" }
wheels = [
    { url = "https://files.pythonhosted.org/packages/54/29/6ae42ba32b153ae0a44ae125f0caff2188bbe62d99c82d1768da30864e72/opentelemetry_exporter_otlp_proto_grpc-1.44.0-py3-none-any.whl", hash = "sha256:6a1a645ea182a2f59440c51fa8301d309f3324a8f9d65f8395584b064b67ee4e", size = 19624, upload-time = "2026-07-16T15:25:19.096Z" },
]

[[package]]
name = "opentelemetry-proto"
version = "1.44.0"
source = { registry = "https://pypi.org/simple" }
dependencies = [
    { name = "protobuf" },
]
sdist = { url = "https://files.pythonhosted.org/packages/64/01/40ac4ae9a149263cc52c2cee200ddd80cb6d8db1a4610abf8eabce0fe771/opentelemetry_proto-1.44.0.tar.gz", hash = "sha256:c547a79c2f8c0c515d31509154682e5921c7cfd5ca67b70e1f9266e2c3e103f3", size = 46488, upload-time = "2026-07-16T15:25:45.34Z" }
wheels = [
    { url = "https://files.pythonhosted.org/packages/d1/7c/8be563d68e93bbefa5c8affb82ddcff91b3ad858ce49957ba7b16fd3e0ab/opentelemetry_proto-1.44.0-py3-none-any.whl", hash = "sha256:898b155a0e1557afd867478fb6158e8122a46329ca0bb8dc53cc55e98f017f56", size = 72483, upload-time = "2026-07-16T15:25:28.429Z" },
]

[[package]]
name = "opentelemetry-sdk"
version = "1.44.0"
source = { registry = "https://pypi.org/simple" }
dependencies = [
    { name = "opentelemetry-api" },
    { name = "opentelemetry-semantic-conventions" },
    { name = "typing-extensions" },
]
sdist = { url = "https://files.pythonhosted.org/packages/5d/77/a6592cbc7c8d9bcc9d6757a9df45e04a7c585e3e6e7a13456da522b21109/opentelemetry_sdk-1.44.0.tar.gz", hash = "sha256:cebe7f65dc12f26ead75c6064de12fd2a9052e5060c0272d402cfa203aae123b", size = 208624, upload-time = "2026-07-16T15:25:46.078Z" }
wheels = [
    { url = "https://files.pythonhosted.org/packages/e7/23/ff077e61886ee020a17ce9c8b6fa11c601c8d8345b09ea24f605445df62a/opentelemetry_sdk-1.44.0-py3-none-any.whl", hash = "sha256:df081c4c6bcfdb1211e3e86140376792643128a25f8d72d1d27675936e7e96ad", size = 137221, upload-time = "2026-07-16T15:25:29.534Z" },
]

[[package]]
name = "opentelemetry-semantic-conventions"
version = "0.65b0"
source = { registry = "https://pypi.org/simple" }
dependencies = [
    { name = "opentelemetry-api" },
    { name = "typing-extensions" },
]
sdist = { url = "https://files.pythonhosted.org/packages/8f/73/0cbdebcb4cf545fdd328da14f5137e37d0770c3f26185e478b0d15d94f50/opentelemetry_semantic_conventions-0.65b0.tar.gz", hash = "sha256:f9b2b81e9d5b64f11bc952075e7e9c7fb0aab075c7fd1c46d597f1b919852d60", size = 148774, upload-time = "2026-07-16T15:25:46.902Z" }
wheels = [
    { url = "https://files.pythonhosted.org/packages/a6/0e/49df70d9b81fb5cbae4bbf2a49d865b09bcbcbc4eb53f5851b1027738d78/opentelemetry_semantic_conventions-0.65b0-py3-none-any.whl", hash = "sha256:1cacde7b0ad306f84c5ef08c3dbe1bbaf20165bba6f8bff43b670e555a086bcb", size = 204645, upload-time = "2026-07-16T15:25:30.688Z" },
]

[[package]]
name = "protobuf"
version = "7.35.1"
source = { registry = "https://pypi.org/simple" }
sdist = { url = "https://files.pythonhosted.org/packages/da/01/9ef0afd7999eb9badb3a768b4aedd78c86d4c65cfaf1958ab276199e76b4/protobuf-7.35.1.tar.gz", hash = "sha256:ce115a26fe0c39a2c29973d914d327e516a6455464489fe3cd1e51a1b354f81a", size = 458717, upload-time = "2026-06-11T21:55:40.257Z" }
wheels = [
    { url = "https://files.pythonhosted.org/packages/10/03/8aeeb7458d22546bf64b5250ca1daeb5ff757d900e8e4a7476c6f0db843e/protobuf-7.35.1-cp310-abi3-macosx_10_9_universal2.whl", hash = "sha256:24f857477359a85c0c235261b8ba905fd51b2562f4a64ca1df5473f29850cbf6", size = 433226, upload-time = "2026-06-11T21:55:31.719Z" },
    { url = "https://files.pythonhosted.org/packages/37/4b/dfb89eb0e652a1ff073c39a59fb5e3a83cfe9b57a2c83fa6d78270101767/protobuf-7.35.1-cp310-abi3-manylinux2014_aarch64.whl", hash = "sha256:11d6b0ec246892d85215b0a13ca6e0233cf5284b68f0ac02646427f4ff88a799", size = 328847, upload-time = "2026-06-11T21:55:34.035Z" },
    { url = "https://files.pythonhosted.org/packages/0f/58/dc12f2cd484951524af6e3382c785869b9b3fb5e52ee95ae23add53ee8f9/protobuf-7.35.1-cp310-abi3-manylinux2014_s390x.whl", hash = "sha256:b73f9489a4b8b1c9cb1f8ed951c736392592edb24b9d6819f36d2e10b171d5b4", size = 344030, upload-time = "2026-06-11T21:55:34.941Z" },
    { url = "https://files.pythonhosted.org/packages/e4/be/5b3cfe508bfab6761414ff944e3366eb13be4fd71efcd69450f89ba39f43/protobuf-7.35.1-cp310-abi3-manylinux2014_x86_64.whl", hash = "sha256:74758715c53d7158fb76caf4f0cfdacc5329a4b1bb994f865d6cf302d413a1c4", size = 327130, upload-time = "2026-06-11T21:55:35.921Z" },
    { url = "https://files.pythonhosted.org/packages/d8/bc/6d6c7ba8709c85f8f2c390b2b118d6fb08a783676a572271851bf45a7d22/protobuf-7.35.1-cp310-abi3-win32.whl", hash = "sha256:353652e4efd0bca5b5fc2656abf8307ef351f0cf938c9eba09f0e09c20a25c30", size = 428945, upload-time = "2026-06-11T21:55:37.034Z" },
    { url = "https://files.pythonhosted.org/packages/0a/19/8d0cb6f20a1ef7b18f1c8986ad5783f22f84cce39c6ce9a6e645ea55192e/protobuf-7.35.1-cp310-abi3-win_amd64.whl", hash = "sha256:230a75ddfc2de4806e56696ce9640c1cdfdb6543b7cfce98d42a4c0a0e7bdb87", size = 439996, upload-time = "2026-06-11T21:55:38.123Z" },
    { url = "https://files.pythonhosted.org/packages/19/c7/5f7c636ec43e0c545e28d1f1db71990108306f7bdcb89f069ba97e428e7f/protobuf-7.35.1-py3-none-any.whl", hash = "sha256:4bc97768d8fe4ad6743c8a19403e314511ed9f6d13205b687e52421c023ac1b9", size = 171659, upload-time = "2026-06-11T21:55:39.155Z" },
]

[[package]]
name = "psutil"
version = "7.2.2"
source = { registry = "https://pypi.org/simple" }
sdist = { url = "https://files.pythonhosted.org/packages/aa/c6/d1ddf4abb55e93cebc4f2ed8b5d6dbad109ecb8d63748dd2b20ab5e57ebe/psutil-7.2.2.tar.gz", hash = "sha256:0746f5f8d406af344fd547f1c8daa5f5c33dbc293bb8d6a16d80b4bb88f59372", size = 493740, upload-time = "2026-01-28T18:14:54.428Z" }
wheels = [
    { url = "https://files.pythonhosted.org/packages/e7/36/5ee6e05c9bd427237b11b3937ad82bb8ad2752d72c6969314590dd0c2f6e/psutil-7.2.2-cp36-abi3-macosx_10_9_x86_64.whl", hash = "sha256:ed0cace939114f62738d808fdcecd4c869222507e266e574799e9c0faa17d486", size = 129090, upload-time = "2026-01-28T18:15:22.168Z" },
    { url = "https://files.pythonhosted.org/packages/80/c4/f5af4c1ca8c1eeb2e92ccca14ce8effdeec651d5ab6053c589b074eda6e1/psutil-7.2.2-cp36-abi3-macosx_11_0_arm64.whl", hash = "sha256:1a7b04c10f32cc88ab39cbf606e117fd74721c831c98a27dc04578deb0c16979", size = 129859, upload-time = "2026-01-28T18:15:23.795Z" },
    { url = "https://files.pythonhosted.org/packages/b5/70/5d8df3b09e25bce090399cf48e452d25c935ab72dad19406c77f4e828045/psutil-7.2.2-cp36-abi3-manylinux2010_x86_64.manylinux_2_12_x86_64.manylinux_2_28_x86_64.whl", hash = "sha256:076a2d2f923fd4821644f5ba89f059523da90dc9014e85f8e45a5774ca5bc6f9", size = 155560, upload-time = "2026-01-28T18:15:25.976Z" },
    { url = "https://files.pythonhosted.org/packages/63/65/37648c0c158dc222aba51c089eb3bdfa238e621674dc42d48706e639204f/psutil-7.2.2-cp36-abi3-manylinux2014_aarch64.manylinux_2_17_aarch64.manylinux_2_28_aarch64.whl", hash = "sha256:b0726cecd84f9474419d67252add4ac0cd9811b04d61123054b9fb6f57df6e9e", size = 156997, upload-time = "2026-01-28T18:15:27.794Z" },
    { url = "https://files.pythonhosted.org/packages/8e/13/125093eadae863ce03c6ffdbae9929430d116a246ef69866dad94da3bfbc/psutil-7.2.2-cp36-abi3-musllinux_1_2_aarch64.whl", hash = "sha256:fd04ef36b4a6d599bbdb225dd1d3f51e00105f6d48a28f006da7f9822f2606d8", size = 148972, upload-time = "2026-01-28T18:15:29.342Z" },
    { url = "https://files.pythonhosted.org/packages/04/78/0acd37ca84ce3ddffaa92ef0f571e073faa6d8ff1f0559ab1272188ea2be/psutil-7.2.2-cp36-abi3-musllinux_1_2_x86_64.whl", hash = "sha256:b58fabe35e80b264a4e3bb23e6b96f9e45a3df7fb7eed419ac0e5947c61e47cc", size = 148266, upload-time = "2026-01-28T18:15:31.597Z" },
    { url = "https://files.pythonhosted.org/packages/b4/90/e2159492b5426be0c1fef7acba807a03511f97c5f86b3caeda6ad92351a7/psutil-7.2.2-cp37-abi3-win_amd64.whl", hash = "sha256:eb7e81434c8d223ec4a219b5fc1c47d0417b12be7ea866e24fb5ad6e84b3d988", size = 137737, upload-time = "2026-01-28T18:15:33.849Z" },
    { url = "https://files.pythonhosted.org/packages/8c/c7/7bb2e321574b10df20cbde462a94e2b71d05f9bbda251ef27d104668306a/psutil-7.2.2-cp37-abi3-win_arm64.whl", hash = "sha256:8c233660f575a5a89e6d4cb65d9f938126312bca76d8fe087b947b3a1aaac9ee", size = 134617, upload-time = "2026-01-28T18:15:36.514Z" },
]

[[package]]
name = "pyyaml"
version = "6.0.3"
source = { registry = "https://pypi.org/simple" }
sdist = { url = "https://files.pythonhosted.org/packages/05/8e/961c0007c59b8dd7729d542c61a4d537767a59645b82a0b521206e1e25c2/pyyaml-6.0.3.tar.gz", hash = "sha256:d76623373421df22fb4cf8817020cbb7ef15c725b9d5e45f17e189bfc384190f", size = 130960, upload-time = "2025-09-25T21:33:16.546Z" }
wheels = [
    { url = "https://files.pythonhosted.org/packages/6d/16/a95b6757765b7b031c9374925bb718d55e0a9ba8a1b6a12d25962ea44347/pyyaml-6.0.3-cp311-cp311-macosx_10_13_x86_64.whl", hash = "sha256:44edc647873928551a01e7a563d7452ccdebee747728c1080d881d68af7b997e", size = 185826, upload-time = "2025-09-25T21:31:58.655Z" },
    { url = "https://files.pythonhosted.org/packages/16/19/13de8e4377ed53079ee996e1ab0a9c33ec2faf808a4647b7b4c0d46dd239/pyyaml-6.0.3-cp311-cp311-macosx_11_0_arm64.whl", hash = "sha256:652cb6edd41e718550aad172851962662ff2681490a8a711af6a4d288dd96824", size = 175577, upload-time = "2025-09-25T21:32:00.088Z" },
    { url = "https://files.pythonhosted.org/packages/0c/62/d2eb46264d4b157dae1275b573017abec435397aa59cbcdab6fc978a8af4/pyyaml-6.0.3-cp311-cp311-manylinux2014_aarch64.manylinux_2_17_aarch64.manylinux_2_28_aarch64.whl", hash = "sha256:10892704fc220243f5305762e276552a0395f7beb4dbf9b14ec8fd43b57f126c", size = 775556, upload-time = "2025-09-25T21:32:01.31Z" },
    { url = "https://files.pythonhosted.org/packages/10/cb/16c3f2cf3266edd25aaa00d6c4350381c8b012ed6f5276675b9eba8d9ff4/pyyaml-6.0.3-cp311-cp311-manylinux2014_s390x.manylinux_2_17_s390x.manylinux_2_28_s390x.whl", hash = "sha256:850774a7879607d3a6f50d36d04f00ee69e7fc816450e5f7e58d7f17f1ae5c00", size = 882114, upload-time = "2025-09-25T21:32:03.376Z" },
    { url = "https://files.pythonhosted.org/packages/71/60/917329f640924b18ff085ab889a11c763e0b573da888e8404ff486657602/pyyaml-6.0.3-cp311-cp311-manylinux2014_x86_64.manylinux_2_17_x86_64.manylinux_2_28_x86_64.whl", hash = "sha256:b8bb0864c5a28024fac8a632c443c87c5aa6f215c0b126c449ae1a150412f31d", size = 806638, upload-time = "2025-09-25T21:32:04.553Z" },
    { url = "https://files.pythonhosted.org/packages/dd/6f/529b0f316a9fd167281a6c3826b5583e6192dba792dd55e3203d3f8e655a/pyyaml-6.0.3-cp311-cp311-musllinux_1_2_aarch64.whl", hash = "sha256:1d37d57ad971609cf3c53ba6a7e365e40660e3be0e5175fa9f2365a379d6095a", size = 767463, upload-time = "2025-09-25T21:32:06.152Z" },
    { url = "https://files.pythonhosted.org/packages/f2/6a/b627b4e0c1dd03718543519ffb2f1deea4a1e6d42fbab8021936a4d22589/pyyaml-6.0.3-cp311-cp311-musllinux_1_2_x86_64.whl", hash = "sha256:37503bfbfc9d2c40b344d06b2199cf0e96e97957ab1c1b546fd4f87e53e5d3e4", size = 794986, upload-time = "2025-09-25T21:32:07.367Z" },
    { url = "https://files.pythonhosted.org/packages/45/91/47a6e1c42d9ee337c4839208f30d9f09caa9f720ec7582917b264defc875/pyyaml-6.0.3-cp311-cp311-win32.whl", hash = "sha256:8098f252adfa6c80ab48096053f512f2321f0b998f98150cea9bd23d83e1467b", size = 142543, upload-time = "2025-09-25T21:32:08.95Z" },
    { url = "https://files.pythonhosted.org/packages/da/e3/ea007450a105ae919a72393cb06f122f288ef60bba2dc64b26e2646fa315/pyyaml-6.0.3-cp311-cp311-win_amd64.whl", hash = "sha256:9f3bfb4965eb874431221a3ff3fdcddc7e74e3b07799e0e84ca4a0f867d449bf", size = 158763, upload-time = "2025-09-25T21:32:09.96Z" },
]

[[package]]
name = "referencing"
version = "0.37.0"
source = { registry = "https://pypi.org/simple" }
dependencies = [
    { name = "attrs" },
    { name = "rpds-py" },
    { name = "typing-extensions" },
]
sdist = { url = "https://files.pythonhosted.org/packages/22/f5/df4e9027acead3ecc63e50fe1e36aca1523e1719559c499951bb4b53188f/referencing-0.37.0.tar.gz", hash = "sha256:44aefc3142c5b842538163acb373e24cce6632bd54bdb01b21ad5863489f50d8", size = 78036, upload-time = "2025-10-13T15:30:48.871Z" }
wheels = [
    { url = "https://files.pythonhosted.org/packages/2c/58/ca301544e1fa93ed4f80d724bf5b194f6e4b945841c5bfd555878eea9fcb/referencing-0.37.0-py3-none-any.whl", hash = "sha256:381329a9f99628c9069361716891d34ad94af76e461dcb0335825aecc7692231", size = 26766, upload-time = "2025-10-13T15:30:47.625Z" },
]

[[package]]
name = "rpds-py"
version = "2026.6.3"
source = { registry = "https://pypi.org/simple" }
sdist = { url = "https://files.pythonhosted.org/packages/aa/2a/9618a122aeb2a169a28b03889a2995fe297588964333d4a7d67bdf46e147/rpds_py-2026.6.3.tar.gz", hash = "sha256:1cebd1337c242e4ec2293e541f712b2da849b29f48f0c293684b71c0632625d4", size = 64051, upload-time = "2026-06-30T07:17:53.009Z" }
wheels = [
    { url = "https://files.pythonhosted.org/packages/94/1f/a2dca5ffdbf1d475ffc4e80e4d5d720ff3a00f691795910116960ee12511/rpds_py-2026.6.3-cp311-cp311-macosx_10_12_x86_64.whl", hash = "sha256:7b689145a1485c335569bd056464f3243a29af7ed3871c7be31ad624ba239bc7", size = 342174, upload-time = "2026-06-30T07:14:54.821Z" },
    { url = "https://files.pythonhosted.org/packages/4d/dc/323d08583c0832911768663d1944f0107fcd4088704858d84b5e06d105a0/rpds_py-2026.6.3-cp311-cp311-macosx_11_0_arm64.whl", hash = "sha256:db08f45aecde626498fb3df07bcf6d2ec040af42e859a4f5040d79c200342911", size = 345513, upload-time = "2026-06-30T07:14:56.515Z" },
    { url = "https://files.pythonhosted.org/packages/0b/2a/e31989834d18d2f26ec1d2774c5b1eb3331df4ea8ada525175294c94b48a/rpds_py-2026.6.3-cp311-cp311-manylinux_2_17_aarch64.manylinux2014_aarch64.whl", hash = "sha256:acc992ab27b15f852c76755eb2ab7dce86585ddadba6fa5946e58556088845b4", size = 373783, upload-time = "2026-06-30T07:14:57.736Z" },
    { url = "https://files.pythonhosted.org/packages/87/fe/e80107ee3639585c9941c17d6a42cd65325022f656c023191fce78c324c8/rpds_py-2026.6.3-cp311-cp311-manylinux_2_17_armv7l.manylinux2014_armv7l.whl", hash = "sha256:7f88d653e7b3b779d71ae7454e20dcc9b6bae903f33c269db9f2be41bda3f261", size = 378316, upload-time = "2026-06-30T07:14:59.077Z" },
    { url = "https://files.pythonhosted.org/packages/22/6f/81e3adf81acfb6fa694de2a6e4e7d8863121e3e0799e0a7725e6cf5679c4/rpds_py-2026.6.3-cp311-cp311-manylinux_2_17_ppc64le.manylinux2014_ppc64le.whl", hash = "sha256:e52655eaf81e32593abedaa4bfe33170c8cfedf3365ed9be6e11e07f148f0278", size = 499423, upload-time = "2026-06-30T07:15:00.488Z" },
    { url = "https://files.pythonhosted.org/packages/2d/9a/41263969df0ce3d9af2a96d5005a288200af1989aed3354bfceb5fc0b21f/rpds_py-2026.6.3-cp311-cp311-manylinux_2_17_s390x.manylinux2014_s390x.whl", hash = "sha256:dfcc8b909769d19db55c7cc9541eb64b9b774b1057ffffb4f1048070475bb9f9", size = 386077, upload-time = "2026-06-30T07:15:01.911Z" },
    { url = "https://files.pythonhosted.org/packages/5e/19/7e98f468bd50346faff5b10e5297374b443bfdddacc8e9fbc65984539597/rpds_py-2026.6.3-cp311-cp311-manylinux_2_17_x86_64.manylinux2014_x86_64.whl", hash = "sha256:9c1255b302953c86a486b81d330d5ee1d5bd937691ce271b6be0ef0e299eaab7", size = 371315, upload-time = "2026-06-30T07:15:03.317Z" },
    { url = "https://files.pythonhosted.org/packages/99/3c/2b973b4d371906a134b03decfea7f5d9835a2c6d263454392e15b64b5b18/rpds_py-2026.6.3-cp311-cp311-manylinux_2_31_riscv64.whl", hash = "sha256:8d2294a31386bfa251d8c8a39472beee17db67d4f1a6eabea665d35c9a4461c3", size = 383502, upload-time = "2026-06-30T07:15:04.627Z" },
    { url = "https://files.pythonhosted.org/packages/98/2a/12e2799500af0a307bca76b63361c51f9fe479223561489c29eea1f2ee41/rpds_py-2026.6.3-cp311-cp311-manylinux_2_5_i686.manylinux1_i686.whl", hash = "sha256:f8f23ead891a3b762f35ab3b04623da7056545b48aa60d59957e6789914545da", size = 402673, upload-time = "2026-06-30T07:15:05.856Z" },
    { url = "https://files.pythonhosted.org/packages/2d/e3/21e5872d165fe08be4f229e3d5ee9d90019c0bf0e5538de60dbd54009450/rpds_py-2026.6.3-cp311-cp311-musllinux_1_2_aarch64.whl", hash = "sha256:421aba32367055614287a4292b6a17f1939c9452299f7a0209c117e990b646d4", size = 549964, upload-time = "2026-06-30T07:15:07.159Z" },
    { url = "https://files.pythonhosted.org/packages/1a/d0/5ee0fe36844297de8123bee27bc12078c1a7416ad9f1b8a8ca18d6b0c0ac/rpds_py-2026.6.3-cp311-cp311-musllinux_1_2_i686.whl", hash = "sha256:1e5822dfc2f0d4ab7e745eaa6d85945069329beeccef965af3f3bb26058fcab6", size = 615446, upload-time = "2026-06-30T07:15:08.531Z" },
    { url = "https://files.pythonhosted.org/packages/b1/80/1ea5873cb683f2fbe5f21b23ea1f6d179ead19f3c5b249b7eb5dca568ef2/rpds_py-2026.6.3-cp311-cp311-musllinux_1_2_x86_64.whl", hash = "sha256:83e35b57523816c8613fd0776b40cd8bb9f596b37ddd2692eb4a6bb5ab2f8c93", size = 576975, upload-time = "2026-06-30T07:15:09.97Z" },
    { url = "https://files.pythonhosted.org/packages/c9/e1/90ef639217a5ddb15b7f4f61b1c33911fd044ad03c311bafdd2bcab85582/rpds_py-2026.6.3-cp311-cp311-win32.whl", hash = "sha256:de3eceba0b683bcbb1ab93da016d0270df1f9ae7be716b40214c5dafac6ea45a", size = 204453, upload-time = "2026-06-30T07:15:11.324Z" },
    { url = "https://files.pythonhosted.org/packages/f2/b7/b7a1695d7af36f521fb11e80d6d3adbd744f73b921859bd3c2a2c0dc706f/rpds_py-2026.6.3-cp311-cp311-win_amd64.whl", hash = "sha256:2c54a076ca4d370980ab57bc0e31df57bbe8d41340436a90ef8b1219a3cbb127", size = 223219, upload-time = "2026-06-30T07:15:12.476Z" },
    { url = "https://files.pythonhosted.org/packages/d7/a2/145afacf796e4506062825941176ad9445c2dcf2b3b6a1f13d3030a15e19/rpds_py-2026.6.3-cp311-cp311-win_arm64.whl", hash = "sha256:168c733a7112e071bb7a66460e667edfcff06c017a3c523f7a8a8e08d0140804", size = 219137, upload-time = "2026-06-30T07:15:13.631Z" },
    { url = "https://files.pythonhosted.org/packages/b4/9c/f0d19ac587fd0e4ab6b72cda355e9c5a6166b01ef7e064e437aef8eb9fef/rpds_py-2026.6.3-pp311-pypy311_pp73-macosx_10_12_x86_64.whl", hash = "sha256:4cf2d36a2357e4d07bb5a4f98801265327b48256867816cfd2ceb001e9754a8f", size = 349791, upload-time = "2026-06-30T07:17:33.315Z" },
    { url = "https://files.pythonhosted.org/packages/38/c7/1d49d204c9fd2ee6c537601dc4c1ba921e03363ca576bfab94a00254ac9a/rpds_py-2026.6.3-pp311-pypy311_pp73-macosx_11_0_arm64.whl", hash = "sha256:30c6dc199b24a5e3e81d50da0f00858c5bbdb2617a750395687f4339c5818171", size = 352842, upload-time = "2026-06-30T07:17:34.897Z" },
    { url = "https://files.pythonhosted.org/packages/ac/e5/c0b5dc93cd0d4c06ce1f438907649514e2ea077bcd911e3154a51e96c38e/rpds_py-2026.6.3-pp311-pypy311_pp73-manylinux_2_17_aarch64.manylinux2014_aarch64.whl", hash = "sha256:9891e594296ab9dada6551c8e7b387b2721f27a67eecd528412e8906247a7b90", size = 382094, upload-time = "2026-06-30T07:17:36.514Z" },
    { url = "https://files.pythonhosted.org/packages/0d/54/ec0e907b4ca8d541112db352409bd15f871c9b243e0c92c9b5a46ae96f01/rpds_py-2026.6.3-pp311-pypy311_pp73-manylinux_2_17_armv7l.manylinux2014_armv7l.whl", hash = "sha256:b5c2dc92304aa48a4a60443b548bb12f12e119d4b72f314015e67b9e1be97fca", size = 388662, upload-time = "2026-06-30T07:17:38.235Z" },
    { url = "https://files.pythonhosted.org/packages/d3/f4/921c22a4fd0f1c1ac13a3996ffbf0aa67951e2c8ad0d1d9574938a2932e8/rpds_py-2026.6.3-pp311-pypy311_pp73-manylinux_2_17_ppc64le.manylinux2014_ppc64le.whl", hash = "sha256:127e08c0642d880cf32ca47ec2a4a77b901f7e2dd1ad9762adb13955d72ffcc9", size = 504896, upload-time = "2026-06-30T07:17:39.689Z" },
    { url = "https://files.pythonhosted.org/packages/0b/1b/a114b972cefa1ab1cdb3c7bb177cd3844a12826c507c722d3a73516dbbaf/rpds_py-2026.6.3-pp311-pypy311_pp73-manylinux_2_17_s390x.manylinux2014_s390x.whl", hash = "sha256:8bb68f03f395eb793220b45c097bd4d8c32944393da0fad8b999efac0868fc8c", size = 391545, upload-time = "2026-06-30T07:17:41.336Z" },
    { url = "https://files.pythonhosted.org/packages/4e/98/af9b3db77d47fcbe6c8c1f36e2c2147ec70292819e99c325f871584a1c11/rpds_py-2026.6.3-pp311-pypy311_pp73-manylinux_2_17_x86_64.manylinux2014_x86_64.whl", hash = "sha256:a3450b693fde92133e9f51060568a4c31fcca76d5e53bbd611e689ca446517e9", size = 380059, upload-time = "2026-06-30T07:17:42.857Z" },
    { url = "https://files.pythonhosted.org/packages/c9/ba/0efd8668b97c1d26a61566386c636a7a7a09829e474fdf807caa15a2c844/rpds_py-2026.6.3-pp311-pypy311_pp73-manylinux_2_31_riscv64.whl", hash = "sha256:5e8d07bddee435a2ff6f1920e18feff28d0bc4533e42f4bf6927fbd073312c41", size = 393235, upload-time = "2026-06-30T07:17:44.637Z" },
    { url = "https://files.pythonhosted.org/packages/62/90/8c139ee9690f73b0829f32647de6f40d826f8f443af6fa72644f96351aac/rpds_py-2026.6.3-pp311-pypy311_pp73-manylinux_2_5_i686.manylinux1_i686.whl", hash = "sha256:3a83ae6c67b7676b9878378547ca8e93ed77a580037bcbcd1d32f739e1e6089c", size = 413008, upload-time = "2026-06-30T07:17:46.225Z" },
    { url = "https://files.pythonhosted.org/packages/9c/97/0043896fdd7828ce09a1d9a8b06433714d0960fc4ff3fc4aa72b666b764e/rpds_py-2026.6.3-pp311-pypy311_pp73-musllinux_1_2_aarch64.whl", hash = "sha256:2bfd04c19ddbd6640de0b51894d764bd2758854d5b75bd102d2ef10cb9c293a9", size = 558118, upload-time = "2026-06-30T07:17:47.759Z" },
    { url = "https://files.pythonhosted.org/packages/f6/40/02355f0e134f783a8f9814c4680a1bd311d37671577a5964ea838573ff37/rpds_py-2026.6.3-pp311-pypy311_pp73-musllinux_1_2_i686.whl", hash = "sha256:ca6546b66be9dc4738b1b043d5ebd5488c66c578c5ff0fd0e8065313fe3afb76", size = 623138, upload-time = "2026-06-30T07:17:49.355Z" },
    { url = "https://files.pythonhosted.org/packages/10/85/48f0abdcef5cce4e034c7a5b0ceeceba0b01bf0d942824f4bb720afe2dec/rpds_py-2026.6.3-pp311-pypy311_pp73-musllinux_1_2_x86_64.whl", hash = "sha256:8e65860d238379ed982fd9ba690579b5e95af2f4840f99c772816dbe573cb826", size = 586486, upload-time = "2026-06-30T07:17:51.141Z" },
]

[[package]]
name = "setuptools"
version = "84.0.0"
source = { registry = "https://pypi.org/simple" }
sdist = { url = "https://files.pythonhosted.org/packages/6d/44/f5da03a8ef95d369145c5bb53050e7877c9f3d312e128605fd9504829143/setuptools-84.0.0.tar.gz", hash = "sha256:f4695c21257f0d9b537ec2692c941d02ee143b7cc1276941349a546573b2ef73", size = 1168449, upload-time = "2026-08-08T18:27:58.365Z" }
wheels = [
    { url = "https://files.pythonhosted.org/packages/95/9c/c510029fc6ef33a6275cd2c5d3cecd6613dfd6aa401d57c54f1c18852ccf/setuptools-84.0.0-py3-none-any.whl", hash = "sha256:51a52592b3b99e102b609654876bd65f19f999935166d1352678931132b0c670", size = 818216, upload-time = "2026-08-08T18:27:56.719Z" },
]

[[package]]
name = "structlog"
version = "26.1.0"
source = { registry = "https://pypi.org/simple" }
sdist = { url = "https://files.pythonhosted.org/packages/5e/89/b4a0bcfdf4f71a3dea31379f095929613d7e4528a0996bca6aa964cd0dca/structlog-26.1.0.tar.gz", hash = "sha256:f63a716cbd1b1291cf7661de7794b455acfa4c43c5bcf1630e6ad5ddc1adb3b7", size = 1459881, upload-time = "2026-06-06T07:33:39.348Z" }
wheels = [
    { url = "https://files.pythonhosted.org/packages/a9/18/489c97b834dfff9cf2fc2507cede4bcd4b11e67f84bc462acd1992496f86/structlog-26.1.0-py3-none-any.whl", hash = "sha256:e081a26d6c373e6d201eca24eede26d8ffab07f88f477822e679183428d3d91e", size = 73764, upload-time = "2026-06-06T07:33:38.046Z" },
]

[[package]]
name = "typing-extensions"
version = "4.16.0"
source = { registry = "https://pypi.org/simple" }
sdist = { url = "https://files.pythonhosted.org/packages/f6/cc/6253133b5bb138fc3306cebfbda2c520f545d36b5be2c7255cc528bb45d6/typing_extensions-4.16.0.tar.gz", hash = "sha256:dc983d19a509c94dba722ee6abd33940f7c05a89e243c47e907eb4db6f1a43e5", size = 113555, upload-time = "2026-07-02T08:40:05.92Z" }
wheels = [
    { url = "https://files.pythonhosted.org/packages/49/d3/b8441a820a491ddfc024b0b0cf0393375b75ea13866d9c66727e54c2fc80/typing_extensions-4.16.0-py3-none-any.whl", hash = "sha256:481caa481374e813c1b176ada14e97f1f67a4539ce9cfeb3f350d78d6370c2e8", size = 45571, upload-time = "2026-07-02T08:40:04.659Z" },
]
